
Microsoft Visual Studio Solution File, Format Version 12.00
# Visual Studio Version 16
VisualStudioVersion = 16.0.30413.136
MinimumVisualStudioVersion = 10.0.40219.1
Project("{FAE04EC0-301F-11D3-BF4B-00C04F79EFBC}") = "ao188116_MIS4200", "ao188116_MIS4200.csproj", "{5DC281C9-41F7-4126-A7C4-09527C4CC964}"
EndProject
Global
	GlobalSection(SolutionConfigurationPlatforms) = preSolution
		Debug|Any CPU = Debug|Any CPU
		Release|Any CPU = Release|Any CPU
	EndGlobalSection
	GlobalSection(ProjectConfigurationPlatforms) = postSolution
		{5DC281C9-41F7-4126-A7C4-09527C4CC964}.Debug|Any CPU.ActiveCfg = Debug|Any CPU
		{5DC281C9-41F7-4126-A7C4-09527C4CC964}.Debug|Any CPU.Build.0 = Debug|Any CPU
		{5DC281C9-41F7-4126-A7C4-09527C4CC964}.Release|Any CPU.ActiveCfg = Release|Any CPU
		{5DC281C9-41F7-4126-A7C4-09527C4CC964}.Release|Any CPU.Build.0 = Release|Any CPU
	EndGlobalSection
	GlobalSection(SolutionProperties) = preSolution
		HideSolutionNode = FALSE
	EndGlobalSection
	GlobalSection(ExtensibilityGlobals) = postSolution
		SolutionGuid = {41609DA7-F7A9-4F40-8B62-5BE0433DE1BC}
	EndGlobalSection
EndGlobal
